// !$*UTF8*$!
{
	archiveVersion = 1;
	classes = {
	};
	objectVersion = 55;
	objects = {

/* Begin PBXBuildFile section */
		A8629A602889A48800C52F07 /* NSTableView.swift in Sources */ = {isa = PBXBuildFile; fileRef = A8629A5F2889A48800C52F07 /* NSTableView.swift */; };
		A8629A622889AC3800C52F07 /* Color.swift in Sources */ = {isa = PBXBuildFile; fileRef = A8629A612889AC3800C52F07 /* Color.swift */; };
		A8629A64288A4E1500C52F07 /* SwiftUIListReorder.swift in Sources */ = {isa = PBXBuildFile; fileRef = A8629A63288A4E1500C52F07 /* SwiftUIListReorder.swift */; };
		A884C9952888F6AD00E30F86 /* MultiThreadApp.swift in Sources */ = {isa = PBXBuildFile; fileRef = A884C9942888F6AD00E30F86 /* MultiThreadApp.swift */; };
		A884C9972888F6AD00E30F86 /* ContentView.swift in Sources */ = {isa = PBXBuildFile; fileRef = A884C9962888F6AD00E30F86 /* ContentView.swift */; };
		A884C9992888F6AF00E30F86 /* Assets.xcassets in Resources */ = {isa = PBXBuildFile; fileRef = A884C9982888F6AF00E30F86 /* Assets.xcassets */; };
		A884C99C2888F6AF00E30F86 /* Preview Assets.xcassets in Resources */ = {isa = PBXBuildFile; fileRef = A884C99B2888F6AF00E30F86 /* Preview Assets.xcassets */; };
		A884C9AB28891ABD00E30F86 /* TaskRow.swift in Sources */ = {isa = PBXBuildFile; fileRef = A884C9AA28891ABD00E30F86 /* TaskRow.swift */; };
		A884C9AD28891ACF00E30F86 /* UserTask.swift in Sources */ = {isa = PBXBuildFile; fileRef = A884C9AC28891ACF00E30F86 /* UserTask.swift */; };
		A884C9AF28891B4200E30F86 /* MainViewModel.swift in Sources */ = {isa = PBXBuildFile; fileRef = A884C9AE28891B4200E30F86 /* MainViewModel.swift */; };
		A884C9B42889217F00E30F86 /* UIComponent in Frameworks */ = {isa = PBXBuildFile; productRef = A884C9B32889217F00E30F86 /* UIComponent */; };
		A884C9B9288942F300E30F86 /* Config.swift in Sources */ = {isa = PBXBuildFile; fileRef = A884C9B8288942F300E30F86 /* Config.swift */; };
		A884C9BD288953F000E30F86 /* Mock.swift in Sources */ = {isa = PBXBuildFile; fileRef = A884C9BC288953F000E30F86 /* Mock.swift */; };
		A884C9BF288963D000E30F86 /* TaskView.swift in Sources */ = {isa = PBXBuildFile; fileRef = A884C9BE288963D000E30F86 /* TaskView.swift */; };
		A8A2C6B0288B1FE800D75458 /* NSTextView.swift in Sources */ = {isa = PBXBuildFile; fileRef = A8A2C6AF288B1FE800D75458 /* NSTextView.swift */; };
		A8A2C6B2288B274E00D75458 /* SettingView.swift in Sources */ = {isa = PBXBuildFile; fileRef = A8A2C6B1288B274E00D75458 /* SettingView.swift */; };
		A8A2C6B5288B40A400D75458 /* Database.xcdatamodeld in Sources */ = {isa = PBXBuildFile; fileRef = A8A2C6B3288B40A400D75458 /* Database.xcdatamodeld */; };
		A8A2C6B7288B418100D75458 /* EmergencyEntry.swift in Sources */ = {isa = PBXBuildFile; fileRef = A8A2C6B6288B418100D75458 /* EmergencyEntry.swift */; };
		A8A2C6B9288B41DB00D75458 /* Persistence.swift in Sources */ = {isa = PBXBuildFile; fileRef = A8A2C6B8288B41DB00D75458 /* Persistence.swift */; };
		A8A2C6BB288BCF6200D75458 /* ProcessingEntry.swift in Sources */ = {isa = PBXBuildFile; fileRef = A8A2C6BA288BCF6200D75458 /* ProcessingEntry.swift */; };
		A8A2C6BD288BCF6B00D75458 /* TodoEntry.swift in Sources */ = {isa = PBXBuildFile; fileRef = A8A2C6BC288BCF6B00D75458 /* TodoEntry.swift */; };
/* End PBXBuildFile section */

/* Begin PBXFileReference section */
		A8629A5F2889A48800C52F07 /* NSTableView.swift */ = {isa = PBXFileReference; lastKnownFileType = sourcecode.swift; path = NSTableView.swift; sourceTree = "<group>"; };
		A8629A612889AC3800C52F07 /* Color.swift */ = {isa = PBXFileReference; lastKnownFileType = sourcecode.swift; path = Color.swift; sourceTree = "<group>"; };
		A8629A63288A4E1500C52F07 /* SwiftUIListReorder.swift */ = {isa = PBXFileReference; lastKnownFileType = sourcecode.swift; path = SwiftUIListReorder.swift; sourceTree = "<group>"; };
		A884C9912888F6AD00E30F86 /* MultiThread.app */ = {isa = PBXFileReference; explicitFileType = wrapper.application; includeInIndex = 0; path = MultiThread.app; sourceTree = BUILT_PRODUCTS_DIR; };
		A884C9942888F6AD00E30F86 /* MultiThreadApp.swift */ = {isa = PBXFileReference; lastKnownFileType = sourcecode.swift; path = MultiThreadApp.swift; sourceTree = "<group>"; };
		A884C9962888F6AD00E30F86 /* ContentView.swift */ = {isa = PBXFileReference; lastKnownFileType = sourcecode.swift; path = ContentView.swift; sourceTree = "<group>"; };
		A884C9982888F6AF00E30F86 /* Assets.xcassets */ = {isa = PBXFileReference; lastKnownFileType = folder.assetcatalog; path = Assets.xcassets; sourceTree = "<group>"; };
		A884C99B2888F6AF00E30F86 /* Preview Assets.xcassets */ = {isa = PBXFileReference; lastKnownFileType = folder.assetcatalog; path = "Preview Assets.xcassets"; sourceTree = "<group>"; };
		A884C99D2888F6AF00E30F86 /* MultiThread.entitlements */ = {isa = PBXFileReference; lastKnownFileType = text.plist.entitlements; path = MultiThread.entitlements; sourceTree = "<group>"; };
		A884C9A62888FB4B00E30F86 /* Info.plist */ = {isa = PBXFileReference; lastKnownFileType = text.plist; path = Info.plist; sourceTree = "<group>"; };
		A884C9AA28891ABD00E30F86 /* TaskRow.swift */ = {isa = PBXFileReference; lastKnownFileType = sourcecode.swift; path = TaskRow.swift; sourceTree = "<group>"; };
		A884C9AC28891ACF00E30F86 /* UserTask.swift */ = {isa = PBXFileReference; lastKnownFileType = sourcecode.swift; path = UserTask.swift; sourceTree = "<group>"; };
		A884C9AE28891B4200E30F86 /* MainViewModel.swift */ = {isa = PBXFileReference; lastKnownFileType = sourcecode.swift; path = MainViewModel.swift; sourceTree = "<group>"; };
		A884C9B8288942F300E30F86 /* Config.swift */ = {isa = PBXFileReference; lastKnownFileType = sourcecode.swift; path = Config.swift; sourceTree = "<group>"; };
		A884C9BC288953F000E30F86 /* Mock.swift */ = {isa = PBXFileReference; lastKnownFileType = sourcecode.swift; path = Mock.swift; sourceTree = "<group>"; };
		A884C9BE288963D000E30F86 /* TaskView.swift */ = {isa = PBXFileReference; lastKnownFileType = sourcecode.swift; path = TaskView.swift; sourceTree = "<group>"; };
		A8A2C6AF288B1FE800D75458 /* NSTextView.swift */ = {isa = PBXFileReference; lastKnownFileType = sourcecode.swift; path = NSTextView.swift; sourceTree = "<group>"; };
		A8A2C6B1288B274E00D75458 /* SettingView.swift */ = {isa = PBXFileReference; lastKnownFileType = sourcecode.swift; path = SettingView.swift; sourceTree = "<group>"; };
		A8A2C6B4288B40A400D75458 /* Database.xcdatamodel */ = {isa = PBXFileReference; lastKnownFileType = wrapper.xcdatamodel; path = Database.xcdatamodel; sourceTree = "<group>"; };
		A8A2C6B6288B418100D75458 /* EmergencyEntry.swift */ = {isa = PBXFileReference; lastKnownFileType = sourcecode.swift; path = EmergencyEntry.swift; sourceTree = "<group>"; };
		A8A2C6B8288B41DB00D75458 /* Persistence.swift */ = {isa = PBXFileReference; lastKnownFileType = sourcecode.swift; path = Persistence.swift; sourceTree = "<group>"; };
		A8A2C6BA288BCF6200D75458 /* ProcessingEntry.swift */ = {isa = PBXFileReference; lastKnownFileType = sourcecode.swift; path = ProcessingEntry.swift; sourceTree = "<group>"; };
		A8A2C6BC288BCF6B00D75458 /* TodoEntry.swift */ = {isa = PBXFileReference; lastKnownFileType = sourcecode.swift; path = TodoEntry.swift; sourceTree = "<group>"; };
/* End PBXFileReference section */

/* Begin PBXFrameworksBuildPhase section */
		A884C98E2888F6AD00E30F86 /* Frameworks */ = {
			isa = PBXFrameworksBuildPhase;
			buildActionMask = 2147483647;
			files = (
				A884C9B42889217F00E30F86 /* UIComponent in Frameworks */,
			);
			runOnlyForDeploymentPostprocessing = 0;
		};
/* End PBXFrameworksBuildPhase section */

/* Begin PBXGroup section */
		A8629A5E2889A47600C52F07 /* Extension */ = {
			isa = PBXGroup;
			children = (
				A8A2C6AF288B1FE800D75458 /* NSTextView.swift */,
				A8629A5F2889A48800C52F07 /* NSTableView.swift */,
				A8629A612889AC3800C52F07 /* Color.swift */,
			);
			path = Extension;
			sourceTree = "<group>";
		};
		A884C9882888F6AD00E30F86 = {
			isa = PBXGroup;
			children = (
				A884C9932888F6AD00E30F86 /* MultiThread */,
				A884C9922888F6AD00E30F86 /* Products */,
			);
			sourceTree = "<group>";
		};
		A884C9922888F6AD00E30F86 /* Products */ = {
			isa = PBXGroup;
			children = (
				A884C9912888F6AD00E30F86 /* MultiThread.app */,
			);
			name = Products;
			sourceTree = "<group>";
		};
		A884C9932888F6AD00E30F86 /* MultiThread */ = {
			isa = PBXGroup;
			children = (
				A884C9A62888FB4B00E30F86 /* Info.plist */,
				A884C9942888F6AD00E30F86 /* MultiThreadApp.swift */,
				A884C9962888F6AD00E30F86 /* ContentView.swift */,
				A884C9A32888F8FA00E30F86 /* View */,
				A884C9A72888FB9600E30F86 /* Component */,
				A884C9A42888F8FF00E30F86 /* Model */,
				A8629A5E2889A47600C52F07 /* Extension */,
				A884C9B7288942EC00E30F86 /* Config */,
				A884C9A52888F90600E30F86 /* ViewModel */,
				A884C9BB288953E500E30F86 /* Mock */,
				A884C9982888F6AF00E30F86 /* Assets.xcassets */,
				A884C99D2888F6AF00E30F86 /* MultiThread.entitlements */,
				A884C99A2888F6AF00E30F86 /* Preview Content */,
			);
			path = MultiThread;
			sourceTree = "<group>";
		};
		A884C99A2888F6AF00E30F86 /* Preview Content */ = {
			isa = PBXGroup;
			children = (
				A884C99B2888F6AF00E30F86 /* Preview Assets.xcassets */,
			);
			path = "Preview Content";
			sourceTree = "<group>";
		};
		A884C9A32888F8FA00E30F86 /* View */ = {
			isa = PBXGroup;
			children = (
				A884C9BE288963D000E30F86 /* TaskView.swift */,
				A8A2C6B1288B274E00D75458 /* SettingView.swift */,
			);
			path = View;
			sourceTree = "<group>";
		};
		A884C9A42888F8FF00E30F86 /* Model */ = {
			isa = PBXGroup;
			children = (
				A884C9AC28891ACF00E30F86 /* UserTask.swift */,
				A8629A63288A4E1500C52F07 /* SwiftUIListReorder.swift */,
				A8A2C6B3288B40A400D75458 /* Database.xcdatamodeld */,
				A8A2C6B6288B418100D75458 /* EmergencyEntry.swift */,
				A8A2C6BA288BCF6200D75458 /* ProcessingEntry.swift */,
				A8A2C6BC288BCF6B00D75458 /* TodoEntry.swift */,
			);
			path = Model;
			sourceTree = "<group>";
		};
		A884C9A52888F90600E30F86 /* ViewModel */ = {
			isa = PBXGroup;
			children = (
				A884C9AE28891B4200E30F86 /* MainViewModel.swift */,
				A8A2C6B8288B41DB00D75458 /* Persistence.swift */,
			);
			path = ViewModel;
			sourceTree = "<group>";
		};
		A884C9A72888FB9600E30F86 /* Component */ = {
			isa = PBXGroup;
			children = (
				A884C9AA28891ABD00E30F86 /* TaskRow.swift */,
			);
			path = Component;
			sourceTree = "<group>";
		};
		A884C9B7288942EC00E30F86 /* Config */ = {
			isa = PBXGroup;
			children = (
				A884C9B8288942F300E30F86 /* Config.swift */,
			);
			path = Config;
			sourceTree = "<group>";
		};
		A884C9BB288953E500E30F86 /* Mock */ = {
			isa = PBXGroup;
			children = (
				A884C9BC288953F000E30F86 /* Mock.swift */,
			);
			path = Mock;
			sourceTree = "<group>";
		};
/* End PBXGroup section */

/* Begin PBXNativeTarget section */
		A884C9902888F6AD00E30F86 /* MultiThread */ = {
			isa = PBXNativeTarget;
			buildConfigurationList = A884C9A02888F6AF00E30F86 /* Build configuration list for PBXNativeTarget "MultiThread" */;
			buildPhases = (
				A884C98D2888F6AD00E30F86 /* Sources */,
				A884C98E2888F6AD00E30F86 /* Frameworks */,
				A884C98F2888F6AD00E30F86 /* Resources */,
			);
			buildRules = (
			);
			dependencies = (
			);
			name = MultiThread;
			packageProductDependencies = (
				A884C9B32889217F00E30F86 /* UIComponent */,
			);
			productName = MultiThread;
			productReference = A884C9912888F6AD00E30F86 /* MultiThread.app */;
			productType = "com.apple.product-type.application";
		};
/* End PBXNativeTarget section */

/* Begin PBXProject section */
		A884C9892888F6AD00E30F86 /* Project object */ = {
			isa = PBXProject;
			attributes = {
				BuildIndependentTargetsInParallel = 1;
				LastSwiftUpdateCheck = 1330;
				LastUpgradeCheck = 1330;
				TargetAttributes = {
					A884C9902888F6AD00E30F86 = {
						CreatedOnToolsVersion = 13.3.1;
					};
				};
			};
			buildConfigurationList = A884C98C2888F6AD00E30F86 /* Build configuration list for PBXProject "MultiThread" */;
			compatibilityVersion = "Xcode 13.0";
			developmentRegion = en;
			hasScannedForEncodings = 0;
			knownRegions = (
				en,
				Base,
			);
			mainGroup = A884C9882888F6AD00E30F86;
			packageReferences = (
				A884C9B22889217F00E30F86 /* XCRemoteSwiftPackageReference "UIComponent" */,
			);
			productRefGroup = A884C9922888F6AD00E30F86 /* Products */;
			projectDirPath = "";
			projectRoot = "";
			targets = (
				A884C9902888F6AD00E30F86 /* MultiThread */,
			);
		};
/* End PBXProject section */

/* Begin PBXResourcesBuildPhase section */
		A884C98F2888F6AD00E30F86 /* Resources */ = {
			isa = PBXResourcesBuildPhase;
			buildActionMask = 2147483647;
			files = (
				A884C99C2888F6AF00E30F86 /* Preview Assets.xcassets in Resources */,
				A884C9992888F6AF00E30F86 /* Assets.xcassets in Resources */,
			);
			runOnlyForDeploymentPostprocessing = 0;
		};
/* End PBXResourcesBuildPhase section */

/* Begin PBXSourcesBuildPhase section */
		A884C98D2888F6AD00E30F86 /* Sources */ = {
			isa = PBXSourcesBuildPhase;
			buildActionMask = 2147483647;
			files = (
				A8A2C6B5288B40A400D75458 /* Database.xcdatamodeld in Sources */,
				A8A2C6B9288B41DB00D75458 /* Persistence.swift in Sources */,
				A8629A602889A48800C52F07 /* NSTableView.swift in Sources */,
				A884C9972888F6AD00E30F86 /* ContentView.swift in Sources */,
				A8629A64288A4E1500C52F07 /* SwiftUIListReorder.swift in Sources */,
				A884C9952888F6AD00E30F86 /* MultiThreadApp.swift in Sources */,
				A8A2C6B2288B274E00D75458 /* SettingView.swift in Sources */,
				A8629A622889AC3800C52F07 /* Color.swift in Sources */,
				A8A2C6BD288BCF6B00D75458 /* TodoEntry.swift in Sources */,
				A8A2C6B0288B1FE800D75458 /* NSTextView.swift in Sources */,
				A884C9BF288963D000E30F86 /* TaskView.swift in Sources */,
				A884C9AD28891ACF00E30F86 /* UserTask.swift in Sources */,
				A8A2C6B7288B418100D75458 /* EmergencyEntry.swift in Sources */,
				A8A2C6BB288BCF6200D75458 /* ProcessingEntry.swift in Sources */,
				A884C9AB28891ABD00E30F86 /* TaskRow.swift in Sources */,
				A884C9AF28891B4200E30F86 /* MainViewModel.swift in Sources */,
				A884C9BD288953F000E30F86 /* Mock.swift in Sources */,
				A884C9B9288942F300E30F86 /* Config.swift in Sources */,
			);
			runOnlyForDeploymentPostprocessing = 0;
		};
/* End PBXSourcesBuildPhase section */

/* Begin XCBuildConfiguration section */
		A884C99E2888F6AF00E30F86 /* Debug */ = {
			isa = XCBuildConfiguration;
			buildSettings = {
				ALWAYS_SEARCH_USER_PATHS = NO;
				CLANG_ANALYZER_NONNULL = YES;
				CLANG_ANALYZER_NUMBER_OBJECT_CONVERSION = YES_AGGRESSIVE;
				CLANG_CXX_LANGUAGE_STANDARD = "gnu++17";
				CLANG_ENABLE_MODULES = YES;
				CLANG_ENABLE_OBJC_ARC = YES;
				CLANG_ENABLE_OBJC_WEAK = YES;
				CLANG_WARN_BLOCK_CAPTURE_AUTORELEASING = YES;
				CLANG_WARN_BOOL_CONVERSION = YES;
				CLANG_WARN_COMMA = YES;
				CLANG_WARN_CONSTANT_CONVERSION = YES;
				CLANG_WARN_DEPRECATED_OBJC_IMPLEMENTATIONS = YES;
				CLANG_WARN_DIRECT_OBJC_ISA_USAGE = YES_ERROR;
				CLANG_WARN_DOCUMENTATION_COMMENTS = YES;
				CLANG_WARN_EMPTY_BODY = YES;
				CLANG_WARN_ENUM_CONVERSION = YES;
				CLANG_WARN_INFINITE_RECURSION = YES;
				CLANG_WARN_INT_CONVERSION = YES;
				CLANG_WARN_NON_LITERAL_NULL_CONVERSION = YES;
				CLANG_WARN_OBJC_IMPLICIT_RETAIN_SELF = YES;
				CLANG_WARN_OBJC_LITERAL_CONVERSION = YES;
				CLANG_WARN_OBJC_ROOT_CLASS = YES_ERROR;
				CLANG_WARN_QUOTED_INCLUDE_IN_FRAMEWORK_HEADER = YES;
				CLANG_WARN_RANGE_LOOP_ANALYSIS = YES;
				CLANG_WARN_STRICT_PROTOTYPES = YES;
				CLANG_WARN_SUSPICIOUS_MOVE = YES;
				CLANG_WARN_UNGUARDED_AVAILABILITY = YES_AGGRESSIVE;
				CLANG_WARN_UNREACHABLE_CODE = YES;
				CLANG_WARN__DUPLICATE_METHOD_MATCH = YES;
				COPY_PHASE_STRIP = NO;
				DEBUG_INFORMATION_FORMAT = dwarf;
				ENABLE_STRICT_OBJC_MSGSEND = YES;
				ENABLE_TESTABILITY = YES;
				GCC_C_LANGUAGE_STANDARD = gnu11;
				GCC_DYNAMIC_NO_PIC = NO;
				GCC_NO_COMMON_BLOCKS = YES;
				GCC_OPTIMIZATION_LEVEL = 0;
				GCC_PREPROCESSOR_DEFINITIONS = (
					"DEBUG=1",
					"$(inherited)",
				);
				GCC_WARN_64_TO_32_BIT_CONVERSION = YES;
				GCC_WARN_ABOUT_RETURN_TYPE = YES_ERROR;
				GCC_WARN_UNDECLARED_SELECTOR = YES;
				GCC_WARN_UNINITIALIZED_AUTOS = YES_AGGRESSIVE;
				GCC_WARN_UNUSED_FUNCTION = YES;
				GCC_WARN_UNUSED_VARIABLE = YES;
				MACOSX_DEPLOYMENT_TARGET = 12.0;
				MTL_ENABLE_DEBUG_INFO = INCLUDE_SOURCE;
				MTL_FAST_MATH = YES;
				ONLY_ACTIVE_ARCH = YES;
				SDKROOT = macosx;
				SWIFT_ACTIVE_COMPILATION_CONDITIONS = DEBUG;
				SWIFT_OPTIMIZATION_LEVEL = "-Onone";
			};
			name = Debug;
		};
		A884C99F2888F6AF00E30F86 /* Release */ = {
			isa = XCBuildConfiguration;
			buildSettings = {
				ALWAYS_SEARCH_USER_PATHS = NO;
				CLANG_ANALYZER_NONNULL = YES;
				CLANG_ANALYZER_NUMBER_OBJECT_CONVERSION = YES_AGGRESSIVE;
				CLANG_CXX_LANGUAGE_STANDARD = "gnu++17";
				CLANG_ENABLE_MODULES = YES;
				CLANG_ENABLE_OBJC_ARC = YES;
				CLANG_ENABLE_OBJC_WEAK = YES;
				CLANG_WARN_BLOCK_CAPTURE_AUTORELEASING = YES;
				CLANG_WARN_BOOL_CONVERSION = YES;
				CLANG_WARN_COMMA = YES;
				CLANG_WARN_CONSTANT_CONVERSION = YES;
				CLANG_WARN_DEPRECATED_OBJC_IMPLEMENTATIONS = YES;
				CLANG_WARN_DIRECT_OBJC_ISA_USAGE = YES_ERROR;
				CLANG_WARN_DOCUMENTATION_COMMENTS = YES;
				CLANG_WARN_EMPTY_BODY = YES;
				CLANG_WARN_ENUM_CONVERSION = YES;
				CLANG_WARN_INFINITE_RECURSION = YES;
				CLANG_WARN_INT_CONVERSION = YES;
				CLANG_WARN_NON_LITERAL_NULL_CONVERSION = YES;
				CLANG_WARN_OBJC_IMPLICIT_RETAIN_SELF = YES;
				CLANG_WARN_OBJC_LITERAL_CONVERSION = YES;
				CLANG_WARN_OBJC_ROOT_CLASS = YES_ERROR;
				CLANG_WARN_QUOTED_INCLUDE_IN_FRAMEWORK_HEADER = YES;
				CLANG_WARN_RANGE_LOOP_ANALYSIS = YES;
				CLANG_WARN_STRICT_PROTOTYPES = YES;
				CLANG_WARN_SUSPICIOUS_MOVE = YES;
				CLANG_WARN_UNGUARDED_AVAILABILITY = YES_AGGRESSIVE;
				CLANG_WARN_UNREACHABLE_CODE = YES;
				CLANG_WARN__DUPLICATE_METHOD_MATCH = YES;
				COPY_PHASE_STRIP = NO;
				DEBUG_INFORMATION_FORMAT = "dwarf-with-dsym";
				ENABLE_NS_ASSERTIONS = NO;
				ENABLE_STRICT_OBJC_MSGSEND = YES;
				GCC_C_LANGUAGE_STANDARD = gnu11;
				GCC_NO_COMMON_BLOCKS = YES;
				GCC_WARN_64_TO_32_BIT_CONVERSION = YES;
				GCC_WARN_ABOUT_RETURN_TYPE = YES_ERROR;
				GCC_WARN_UNDECLARED_SELECTOR = YES;
				GCC_WARN_UNINITIALIZED_AUTOS = YES_AGGRESSIVE;
				GCC_WARN_UNUSED_FUNCTION = YES;
				GCC_WARN_UNUSED_VARIABLE = YES;
				MACOSX_DEPLOYMENT_TARGET = 12.0;
				MTL_ENABLE_DEBUG_INFO = NO;
				MTL_FAST_MATH = YES;
				SDKROOT = macosx;
				SWIFT_COMPILATION_MODE = wholemodule;
				SWIFT_OPTIMIZATION_LEVEL = "-O";
			};
			name = Release;
		};
		A884C9A12888F6AF00E30F86 /* Debug */ = {
			isa = XCBuildConfiguration;
			buildSettings = {
				ASSETCATALOG_COMPILER_APPICON_NAME = AppIcon;
				ASSETCATALOG_COMPILER_GLOBAL_ACCENT_COLOR_NAME = AccentColor;
				CODE_SIGN_ENTITLEMENTS = MultiThread/MultiThread.entitlements;
				CODE_SIGN_STYLE = Automatic;
				COMBINE_HIDPI_IMAGES = YES;
				CURRENT_PROJECT_VERSION = "Develop by Yanun Yang";
				DEVELOPMENT_ASSET_PATHS = "\"MultiThread/Preview Content\"";
				DEVELOPMENT_TEAM = Y366CJ66L6;
				ENABLE_HARDENED_RUNTIME = YES;
				ENABLE_PREVIEWS = YES;
				GENERATE_INFOPLIST_FILE = YES;
				INFOPLIST_FILE = MultiThread/Info.plist;
				INFOPLIST_KEY_NSHumanReadableCopyright = "";
				LD_RUNPATH_SEARCH_PATHS = (
					"$(inherited)",
					"@executable_path/../Frameworks",
				);
				MARKETING_VERSION = 0.0.2;
				PRODUCT_BUNDLE_IDENTIFIER = com.yanunyang.MultiThread;
				PRODUCT_NAME = "$(TARGET_NAME)";
				SWIFT_EMIT_LOC_STRINGS = YES;
				SWIFT_VERSION = 5.0;
			};
			name = Debug;
		};
		A884C9A22888F6AF00E30F86 /* Release */ = {
			isa = XCBuildConfiguration;
			buildSettings = {
				ASSETCATALOG_COMPILER_APPICON_NAME = AppIcon;
				ASSETCATALOG_COMPILER_GLOBAL_ACCENT_COLOR_NAME = AccentColor;
				CODE_SIGN_ENTITLEMENTS = MultiThread/MultiThread.entitlements;
				CODE_SIGN_STYLE = Automatic;
				COMBINE_HIDPI_IMAGES = YES;
				CURRENT_PROJECT_VERSION = "Develop by Yanun Yang";
				DEVELOPMENT_ASSET_PATHS = "\"MultiThread/Preview Content\"";
				DEVELOPMENT_TEAM = Y366CJ66L6;
				ENABLE_HARDENED_RUNTIME = YES;
				ENABLE_PREVIEWS = YES;
				GENERATE_INFOPLIST_FILE = YES;
				INFOPLIST_FILE = MultiThread/Info.plist;
				INFOPLIST_KEY_NSHumanReadableCopyright = "";
				LD_RUNPATH_SEARCH_PATHS = (
					"$(inherited)",
					"@executable_path/../Frameworks",
				);
				MARKETING_VERSION = 0.0.2;
				PRODUCT_BUNDLE_IDENTIFIER = com.yanunyang.MultiThread;
				PRODUCT_NAME = "$(TARGET_NAME)";
				SWIFT_EMIT_LOC_STRINGS = YES;
				SWIFT_VERSION = 5.0;
			};
			name = Release;
		};
/* End XCBuildConfiguration section */

/* Begin XCConfigurationList section */
		A884C98C2888F6AD00E30F86 /* Build configuration list for PBXProject "MultiThread" */ = {
			isa = XCConfigurationList;
			buildConfigurations = (
				A884C99E2888F6AF00E30F86 /* Debug */,
				A884C99F2888F6AF00E30F86 /* Release */,
			);
			defaultConfigurationIsVisible = 0;
			defaultConfigurationName = Release;
		};
		A884C9A02888F6AF00E30F86 /* Build configuration list for PBXNativeTarget "MultiThread" */ = {
			isa = XCConfigurationList;
			buildConfigurations = (
				A884C9A12888F6AF00E30F86 /* Debug */,
				A884C9A22888F6AF00E30F86 /* Release */,
			);
			defaultConfigurationIsVisible = 0;
			defaultConfigurationName = Release;
		};
/* End XCConfigurationList section */

/* Begin XCRemoteSwiftPackageReference section */
		A884C9B22889217F00E30F86 /* XCRemoteSwiftPackageReference "UIComponent" */ = {
			isa = XCRemoteSwiftPackageReference;
			repositoryURL = "https://github.com/yanun0323/UIComponent.git";
			requirement = {
				branch = master;
				kind = branch;
			};
		};
/* End XCRemoteSwiftPackageReference section */

/* Begin XCSwiftPackageProductDependency section */
		A884C9B32889217F00E30F86 /* UIComponent */ = {
			isa = XCSwiftPackageProductDependency;
			package = A884C9B22889217F00E30F86 /* XCRemoteSwiftPackageReference "UIComponent" */;
			productName = UIComponent;
		};
/* End XCSwiftPackageProductDependency section */

/* Begin XCVersionGroup section */
		A8A2C6B3288B40A400D75458 /* Database.xcdatamodeld */ = {
			isa = XCVersionGroup;
			children = (
				A8A2C6B4288B40A400D75458 /* Database.xcdatamodel */,
			);
			currentVersion = A8A2C6B4288B40A400D75458 /* Database.xcdatamodel */;
			path = Database.xcdatamodeld;
			sourceTree = "<group>";
			versionGroupType = wrapper.xcdatamodel;
		};
/* End XCVersionGroup section */
	};
	rootObject = A884C9892888F6AD00E30F86 /* Project object */;
}
