{
  "pins" : [
    {
      "identity" : "uicomponent",
      "kind" : "remoteSourceControl",
      "location" : "https://github.com/yanun0323/UIComponent.git",
      "state" : {
        "branch" : "master",
        "revision" : "45d2bc64237a5361cf5cf72bb2147d1c2d29325e"
      }
    }
  ],
  "version" : 2
}
