{
  "pins" : [
    {
      "identity" : "uicomponent",
      "kind" : "remoteSourceControl",
      "location" : "https://github.com/yanun0323/UIComponent.git",
      "state" : {
        "branch" : "master",
        "revision" : "e9b0ecdb2831549ebb710a9d4756cebafe7e9aea"
      }
    }
  ],
  "version" : 2
}
